
Microsoft Visual Studio Solution File, Format Version 12.00
# Visual Studio Version 17
VisualStudioVersion = 17.12.35728.132 d17.12
MinimumVisualStudioVersion = 10.0.40219.1
Project("{2150E333-8FDC-42A3-9474-1A3956D46DE8}") = "src", "src", "{4855CDA3-C856-4B5A-97EA-8026F58CF079}"
EndProject
Project("{FAE04EC0-301F-11D3-BF4B-00C04F79EFBC}") = "Identity.Domain", "Identity.Domain\Identity.Domain.csproj", "{63644D2C-E2CF-4636-851D-4B455ABC4BE7}"
EndProject
Project("{FAE04EC0-301F-11D3-BF4B-00C04F79EFBC}") = "Identity.Infrastructure", "Identity.Infrastructure\Identity.Infrastructure.csproj", "{442A1711-D806-4B45-917D-61408D0D989A}"
EndProject
Project("{FAE04EC0-301F-11D3-BF4B-00C04F79EFBC}") = "Identity.Application", "Identity.Application\Identity.Application.csproj", "{BA210B41-F454-449C-9F12-66E5BC05B556}"
EndProject
Project("{FAE04EC0-301F-11D3-BF4B-00C04F79EFBC}") = "Identity.API", "Identity.API\Identity.API.csproj", "{B149E882-47C5-4CCA-AD28-E036DCAFC2C5}"
EndProject
Global
	GlobalSection(SolutionConfigurationPlatforms) = preSolution
		Debug|Any CPU = Debug|Any CPU
		Release|Any CPU = Release|Any CPU
	EndGlobalSection
	GlobalSection(ProjectConfigurationPlatforms) = postSolution
		{63644D2C-E2CF-4636-851D-4B455ABC4BE7}.Debug|Any CPU.ActiveCfg = Debug|Any CPU
		{63644D2C-E2CF-4636-851D-4B455ABC4BE7}.Debug|Any CPU.Build.0 = Debug|Any CPU
		{63644D2C-E2CF-4636-851D-4B455ABC4BE7}.Release|Any CPU.ActiveCfg = Release|Any CPU
		{63644D2C-E2CF-4636-851D-4B455ABC4BE7}.Release|Any CPU.Build.0 = Release|Any CPU
		{442A1711-D806-4B45-917D-61408D0D989A}.Debug|Any CPU.ActiveCfg = Debug|Any CPU
		{442A1711-D806-4B45-917D-61408D0D989A}.Debug|Any CPU.Build.0 = Debug|Any CPU
		{442A1711-D806-4B45-917D-61408D0D989A}.Release|Any CPU.ActiveCfg = Release|Any CPU
		{442A1711-D806-4B45-917D-61408D0D989A}.Release|Any CPU.Build.0 = Release|Any CPU
		{BA210B41-F454-449C-9F12-66E5BC05B556}.Debug|Any CPU.ActiveCfg = Debug|Any CPU
		{BA210B41-F454-449C-9F12-66E5BC05B556}.Debug|Any CPU.Build.0 = Debug|Any CPU
		{BA210B41-F454-449C-9F12-66E5BC05B556}.Release|Any CPU.ActiveCfg = Release|Any CPU
		{BA210B41-F454-449C-9F12-66E5BC05B556}.Release|Any CPU.Build.0 = Release|Any CPU
		{B149E882-47C5-4CCA-AD28-E036DCAFC2C5}.Debug|Any CPU.ActiveCfg = Debug|Any CPU
		{B149E882-47C5-4CCA-AD28-E036DCAFC2C5}.Debug|Any CPU.Build.0 = Debug|Any CPU
		{B149E882-47C5-4CCA-AD28-E036DCAFC2C5}.Release|Any CPU.ActiveCfg = Release|Any CPU
		{B149E882-47C5-4CCA-AD28-E036DCAFC2C5}.Release|Any CPU.Build.0 = Release|Any CPU
	EndGlobalSection
	GlobalSection(SolutionProperties) = preSolution
		HideSolutionNode = FALSE
	EndGlobalSection
	GlobalSection(NestedProjects) = preSolution
		{63644D2C-E2CF-4636-851D-4B455ABC4BE7} = {4855CDA3-C856-4B5A-97EA-8026F58CF079}
		{442A1711-D806-4B45-917D-61408D0D989A} = {4855CDA3-C856-4B5A-97EA-8026F58CF079}
		{BA210B41-F454-449C-9F12-66E5BC05B556} = {4855CDA3-C856-4B5A-97EA-8026F58CF079}
		{B149E882-47C5-4CCA-AD28-E036DCAFC2C5} = {4855CDA3-C856-4B5A-97EA-8026F58CF079}
	EndGlobalSection
EndGlobal
