
Microsoft Visual Studio Solution File, Format Version 12.00
# Visual Studio Version 17
VisualStudioVersion = 17.12.35728.132
MinimumVisualStudioVersion = 10.0.40219.1
Project("{2150E333-8FDC-42A3-9474-1A3956D46DE8}") = "src", "src", "{4855CDA3-C856-4B5A-97EA-8026F58CF079}"
EndProject
Project("{FAE04EC0-301F-11D3-BF4B-00C04F79EFBC}") = "Identity.API", "Identity.API\Identity.API.csproj", "{B149E882-47C5-4CCA-AD28-E036DCAFC2C5}"
EndProject
Global
	GlobalSection(SolutionConfigurationPlatforms) = preSolution
		Debug|Any CPU = Debug|Any CPU
		Release|Any CPU = Release|Any CPU
	EndGlobalSection
	GlobalSection(ProjectConfigurationPlatforms) = postSolution
		{B149E882-47C5-4CCA-AD28-E036DCAFC2C5}.Debug|Any CPU.ActiveCfg = Debug|Any CPU
		{B149E882-47C5-4CCA-AD28-E036DCAFC2C5}.Debug|Any CPU.Build.0 = Debug|Any CPU
		{B149E882-47C5-4CCA-AD28-E036DCAFC2C5}.Release|Any CPU.ActiveCfg = Release|Any CPU
		{B149E882-47C5-4CCA-AD28-E036DCAFC2C5}.Release|Any CPU.Build.0 = Release|Any CPU
	EndGlobalSection
	GlobalSection(SolutionProperties) = preSolution
		HideSolutionNode = FALSE
	EndGlobalSection
	GlobalSection(NestedProjects) = preSolution
		{B149E882-47C5-4CCA-AD28-E036DCAFC2C5} = {4855CDA3-C856-4B5A-97EA-8026F58CF079}
	EndGlobalSection
	GlobalSection(ExtensibilityGlobals) = postSolution
		SolutionGuid = {7176B5E4-D1C4-4FE5-AF6C-A207C48BEDFD}
	EndGlobalSection
EndGlobal
